// !$*UTF8*$!
{
	archiveVersion = 1;
	classes = {
	};
	objectVersion = 46;
	objects = {

/* Begin PBXBuildFile section */
		284D4CE9DE67393A19C6097A /* Pods_RafaiOSTask.framework in Frameworks */ = {isa = PBXBuildFile; fileRef = 3B8209BF77DF9A5959BF2B2C /* Pods_RafaiOSTask.framework */; };
		89E422171C6EB56B00F88650 /* AppDelegate.swift in Sources */ = {isa = PBXBuildFile; fileRef = 89E422161C6EB56B00F88650 /* AppDelegate.swift */; };
		89E422191C6EB56B00F88650 /* ViewController.swift in Sources */ = {isa = PBXBuildFile; fileRef = 89E422181C6EB56B00F88650 /* ViewController.swift */; };
		89E4221C1C6EB56B00F88650 /* Main.storyboard in Resources */ = {isa = PBXBuildFile; fileRef = 89E4221A1C6EB56B00F88650 /* Main.storyboard */; };
		89E4221E1C6EB56B00F88650 /* Assets.xcassets in Resources */ = {isa = PBXBuildFile; fileRef = 89E4221D1C6EB56B00F88650 /* Assets.xcassets */; };
		89E422211C6EB56B00F88650 /* LaunchScreen.storyboard in Resources */ = {isa = PBXBuildFile; fileRef = 89E4221F1C6EB56B00F88650 /* LaunchScreen.storyboard */; };
		89E4222C1C6EB56B00F88650 /* RafaiOSTaskTests.swift in Sources */ = {isa = PBXBuildFile; fileRef = 89E4222B1C6EB56B00F88650 /* RafaiOSTaskTests.swift */; };
		89E422371C6EB56B00F88650 /* RafaiOSTaskUITests.swift in Sources */ = {isa = PBXBuildFile; fileRef = 89E422361C6EB56B00F88650 /* RafaiOSTaskUITests.swift */; };
		89E4225C1C6EB65000F88650 /* Alamofire.framework in Frameworks */ = {isa = PBXBuildFile; fileRef = 89E4224F1C6EB5AC00F88650 /* Alamofire.framework */; };
		89E4225D1C6EB65000F88650 /* Alamofire.framework in Embed Frameworks */ = {isa = PBXBuildFile; fileRef = 89E4224F1C6EB5AC00F88650 /* Alamofire.framework */; settings = {ATTRIBUTES = (CodeSignOnCopy, RemoveHeadersOnCopy, ); }; };
		89E422631C6EC96200F88650 /* RequestHelper.swift in Sources */ = {isa = PBXBuildFile; fileRef = 89E422621C6EC96200F88650 /* RequestHelper.swift */; };
		89E422661C6ED2CF00F88650 /* ResponseProtocol.swift in Sources */ = {isa = PBXBuildFile; fileRef = 89E422651C6ED2CF00F88650 /* ResponseProtocol.swift */; };
		89E422681C6EE09600F88650 /* JSONHandler.swift in Sources */ = {isa = PBXBuildFile; fileRef = 89E422671C6EE09600F88650 /* JSONHandler.swift */; };
		89E4226A1C6EE77200F88650 /* DataParser.swift in Sources */ = {isa = PBXBuildFile; fileRef = 89E422691C6EE77200F88650 /* DataParser.swift */; };
		89E4226C1C6EEE8F00F88650 /* ImageCollectionViewCell.swift in Sources */ = {isa = PBXBuildFile; fileRef = 89E4226B1C6EEE8F00F88650 /* ImageCollectionViewCell.swift */; };
		89F1D7EE1C6F69D500ECC3D6 /* ShowImageController.swift in Sources */ = {isa = PBXBuildFile; fileRef = 89F1D7ED1C6F69D500ECC3D6 /* ShowImageController.swift */; };
		E7425D8A3A0EC8E99296482F /* Pods_RafaiOSTaskUITests.framework in Frameworks */ = {isa = PBXBuildFile; fileRef = 216C7727172CB98878F5A05D /* Pods_RafaiOSTaskUITests.framework */; };
		EBBE4D2C919F5F8B441AAB52 /* Pods_RafaiOSTaskTests.framework in Frameworks */ = {isa = PBXBuildFile; fileRef = 9A2BA8AB03D31CC390AB4A7B /* Pods_RafaiOSTaskTests.framework */; };
/* End PBXBuildFile section */

/* Begin PBXContainerItemProxy section */
		89E422281C6EB56B00F88650 /* PBXContainerItemProxy */ = {
			isa = PBXContainerItemProxy;
			containerPortal = 89E4220B1C6EB56B00F88650 /* Project object */;
			proxyType = 1;
			remoteGlobalIDString = 89E422121C6EB56B00F88650;
			remoteInfo = RafaiOSTask;
		};
		89E422331C6EB56B00F88650 /* PBXContainerItemProxy */ = {
			isa = PBXContainerItemProxy;
			containerPortal = 89E4220B1C6EB56B00F88650 /* Project object */;
			proxyType = 1;
			remoteGlobalIDString = 89E422121C6EB56B00F88650;
			remoteInfo = RafaiOSTask;
		};
		89E4224E1C6EB5AC00F88650 /* PBXContainerItemProxy */ = {
			isa = PBXContainerItemProxy;
			containerPortal = 89E422441C6EB5AC00F88650 /* Alamofire.xcodeproj */;
			proxyType = 2;
			remoteGlobalIDString = F8111E3319A95C8B0040E7D1;
			remoteInfo = "Alamofire iOS";
		};
		89E422501C6EB5AC00F88650 /* PBXContainerItemProxy */ = {
			isa = PBXContainerItemProxy;
			containerPortal = 89E422441C6EB5AC00F88650 /* Alamofire.xcodeproj */;
			proxyType = 2;
			remoteGlobalIDString = F8111E3E19A95C8B0040E7D1;
			remoteInfo = "Alamofire iOS Tests";
		};
		89E422521C6EB5AC00F88650 /* PBXContainerItemProxy */ = {
			isa = PBXContainerItemProxy;
			containerPortal = 89E422441C6EB5AC00F88650 /* Alamofire.xcodeproj */;
			proxyType = 2;
			remoteGlobalIDString = 4DD67C0B1A5C55C900ED2280;
			remoteInfo = "Alamofire OSX";
		};
		89E422541C6EB5AC00F88650 /* PBXContainerItemProxy */ = {
			isa = PBXContainerItemProxy;
			containerPortal = 89E422441C6EB5AC00F88650 /* Alamofire.xcodeproj */;
			proxyType = 2;
			remoteGlobalIDString = F829C6B21A7A94F100A2CD59;
			remoteInfo = "Alamofire OSX Tests";
		};
		89E422561C6EB5AC00F88650 /* PBXContainerItemProxy */ = {
			isa = PBXContainerItemProxy;
			containerPortal = 89E422441C6EB5AC00F88650 /* Alamofire.xcodeproj */;
			proxyType = 2;
			remoteGlobalIDString = 4CF626EF1BA7CB3E0011A099;
			remoteInfo = "Alamofire tvOS";
		};
		89E422581C6EB5AC00F88650 /* PBXContainerItemProxy */ = {
			isa = PBXContainerItemProxy;
			containerPortal = 89E422441C6EB5AC00F88650 /* Alamofire.xcodeproj */;
			proxyType = 2;
			remoteGlobalIDString = 4CF626F81BA7CB3E0011A099;
			remoteInfo = "Alamofire tvOS Tests";
		};
		89E4225A1C6EB5AC00F88650 /* PBXContainerItemProxy */ = {
			isa = PBXContainerItemProxy;
			containerPortal = 89E422441C6EB5AC00F88650 /* Alamofire.xcodeproj */;
			proxyType = 2;
			remoteGlobalIDString = E4202FE01B667AA100C997FB;
			remoteInfo = "Alamofire watchOS";
		};
		89E4225E1C6EB65000F88650 /* PBXContainerItemProxy */ = {
			isa = PBXContainerItemProxy;
			containerPortal = 89E422441C6EB5AC00F88650 /* Alamofire.xcodeproj */;
			proxyType = 1;
			remoteGlobalIDString = F8111E3219A95C8B0040E7D1;
			remoteInfo = "Alamofire iOS";
		};
/* End PBXContainerItemProxy section */

/* Begin PBXCopyFilesBuildPhase section */
		89E422601C6EB65000F88650 /* Embed Frameworks */ = {
			isa = PBXCopyFilesBuildPhase;
			buildActionMask = 2147483647;
			dstPath = "";
			dstSubfolderSpec = 10;
			files = (
				89E4225D1C6EB65000F88650 /* Alamofire.framework in Embed Frameworks */,
			);
			name = "Embed Frameworks";
			runOnlyForDeploymentPostprocessing = 0;
		};
/* End PBXCopyFilesBuildPhase section */

/* Begin PBXFileReference section */
		216C7727172CB98878F5A05D /* Pods_RafaiOSTaskUITests.framework */ = {isa = PBXFileReference; explicitFileType = wrapper.framework; includeInIndex = 0; path = Pods_RafaiOSTaskUITests.framework; sourceTree = BUILT_PRODUCTS_DIR; };
		3AF9BB854A1DE145866B7D2E /* Pods-RafaiOSTaskTests.release.xcconfig */ = {isa = PBXFileReference; includeInIndex = 1; lastKnownFileType = text.xcconfig; name = "Pods-RafaiOSTaskTests.release.xcconfig"; path = "Pods/Target Support Files/Pods-RafaiOSTaskTests/Pods-RafaiOSTaskTests.release.xcconfig"; sourceTree = "<group>"; };
		3B8209BF77DF9A5959BF2B2C /* Pods_RafaiOSTask.framework */ = {isa = PBXFileReference; explicitFileType = wrapper.framework; includeInIndex = 0; path = Pods_RafaiOSTask.framework; sourceTree = BUILT_PRODUCTS_DIR; };
		41B3578CD0001CDBBDD3B3AC /* Pods-RafaiOSTaskTests.debug.xcconfig */ = {isa = PBXFileReference; includeInIndex = 1; lastKnownFileType = text.xcconfig; name = "Pods-RafaiOSTaskTests.debug.xcconfig"; path = "Pods/Target Support Files/Pods-RafaiOSTaskTests/Pods-RafaiOSTaskTests.debug.xcconfig"; sourceTree = "<group>"; };
		89E422131C6EB56B00F88650 /* RafaiOSTask.app */ = {isa = PBXFileReference; explicitFileType = wrapper.application; includeInIndex = 0; path = RafaiOSTask.app; sourceTree = BUILT_PRODUCTS_DIR; };
		89E422161C6EB56B00F88650 /* AppDelegate.swift */ = {isa = PBXFileReference; lastKnownFileType = sourcecode.swift; path = AppDelegate.swift; sourceTree = "<group>"; };
		89E422181C6EB56B00F88650 /* ViewController.swift */ = {isa = PBXFileReference; lastKnownFileType = sourcecode.swift; path = ViewController.swift; sourceTree = "<group>"; };
		89E4221B1C6EB56B00F88650 /* Base */ = {isa = PBXFileReference; lastKnownFileType = file.storyboard; name = Base; path = Base.lproj/Main.storyboard; sourceTree = "<group>"; };
		89E4221D1C6EB56B00F88650 /* Assets.xcassets */ = {isa = PBXFileReference; lastKnownFileType = folder.assetcatalog; path = Assets.xcassets; sourceTree = "<group>"; };
		89E422201C6EB56B00F88650 /* Base */ = {isa = PBXFileReference; lastKnownFileType = file.storyboard; name = Base; path = Base.lproj/LaunchScreen.storyboard; sourceTree = "<group>"; };
		89E422221C6EB56B00F88650 /* Info.plist */ = {isa = PBXFileReference; lastKnownFileType = text.plist.xml; path = Info.plist; sourceTree = "<group>"; };
		89E422271C6EB56B00F88650 /* RafaiOSTaskTests.xctest */ = {isa = PBXFileReference; explicitFileType = wrapper.cfbundle; includeInIndex = 0; path = RafaiOSTaskTests.xctest; sourceTree = BUILT_PRODUCTS_DIR; };
		89E4222B1C6EB56B00F88650 /* RafaiOSTaskTests.swift */ = {isa = PBXFileReference; lastKnownFileType = sourcecode.swift; path = RafaiOSTaskTests.swift; sourceTree = "<group>"; };
		89E4222D1C6EB56B00F88650 /* Info.plist */ = {isa = PBXFileReference; lastKnownFileType = text.plist.xml; path = Info.plist; sourceTree = "<group>"; };
		89E422321C6EB56B00F88650 /* RafaiOSTaskUITests.xctest */ = {isa = PBXFileReference; explicitFileType = wrapper.cfbundle; includeInIndex = 0; path = RafaiOSTaskUITests.xctest; sourceTree = BUILT_PRODUCTS_DIR; };
		89E422361C6EB56B00F88650 /* RafaiOSTaskUITests.swift */ = {isa = PBXFileReference; lastKnownFileType = sourcecode.swift; path = RafaiOSTaskUITests.swift; sourceTree = "<group>"; };
		89E422381C6EB56B00F88650 /* Info.plist */ = {isa = PBXFileReference; lastKnownFileType = text.plist.xml; path = Info.plist; sourceTree = "<group>"; };
		89E422441C6EB5AC00F88650 /* Alamofire.xcodeproj */ = {isa = PBXFileReference; lastKnownFileType = "wrapper.pb-project"; name = Alamofire.xcodeproj; path = Alamofire/Alamofire.xcodeproj; sourceTree = "<group>"; };
		89E422621C6EC96200F88650 /* RequestHelper.swift */ = {isa = PBXFileReference; fileEncoding = 4; lastKnownFileType = sourcecode.swift; path = RequestHelper.swift; sourceTree = "<group>"; };
		89E422651C6ED2CF00F88650 /* ResponseProtocol.swift */ = {isa = PBXFileReference; fileEncoding = 4; lastKnownFileType = sourcecode.swift; path = ResponseProtocol.swift; sourceTree = "<group>"; };
		89E422671C6EE09600F88650 /* JSONHandler.swift */ = {isa = PBXFileReference; fileEncoding = 4; lastKnownFileType = sourcecode.swift; path = JSONHandler.swift; sourceTree = "<group>"; };
		89E422691C6EE77200F88650 /* DataParser.swift */ = {isa = PBXFileReference; fileEncoding = 4; lastKnownFileType = sourcecode.swift; path = DataParser.swift; sourceTree = "<group>"; };
		89E4226B1C6EEE8F00F88650 /* ImageCollectionViewCell.swift */ = {isa = PBXFileReference; fileEncoding = 4; lastKnownFileType = sourcecode.swift; path = ImageCollectionViewCell.swift; sourceTree = "<group>"; };
		89F1D7ED1C6F69D500ECC3D6 /* ShowImageController.swift */ = {isa = PBXFileReference; fileEncoding = 4; lastKnownFileType = sourcecode.swift; path = ShowImageController.swift; sourceTree = "<group>"; };
		9A2BA8AB03D31CC390AB4A7B /* Pods_RafaiOSTaskTests.framework */ = {isa = PBXFileReference; explicitFileType = wrapper.framework; includeInIndex = 0; path = Pods_RafaiOSTaskTests.framework; sourceTree = BUILT_PRODUCTS_DIR; };
		A2FEE76FDCEAB51A7F2AC385 /* Pods-RafaiOSTask.release.xcconfig */ = {isa = PBXFileReference; includeInIndex = 1; lastKnownFileType = text.xcconfig; name = "Pods-RafaiOSTask.release.xcconfig"; path = "Pods/Target Support Files/Pods-RafaiOSTask/Pods-RafaiOSTask.release.xcconfig"; sourceTree = "<group>"; };
		A468C0CE433C0ECD7EA20E0B /* Pods-RafaiOSTaskUITests.release.xcconfig */ = {isa = PBXFileReference; includeInIndex = 1; lastKnownFileType = text.xcconfig; name = "Pods-RafaiOSTaskUITests.release.xcconfig"; path = "Pods/Target Support Files/Pods-RafaiOSTaskUITests/Pods-RafaiOSTaskUITests.release.xcconfig"; sourceTree = "<group>"; };
		BC5A0E9974A2CAEF30FB7598 /* Pods-RafaiOSTask.debug.xcconfig */ = {isa = PBXFileReference; includeInIndex = 1; lastKnownFileType = text.xcconfig; name = "Pods-RafaiOSTask.debug.xcconfig"; path = "Pods/Target Support Files/Pods-RafaiOSTask/Pods-RafaiOSTask.debug.xcconfig"; sourceTree = "<group>"; };
		C1FACA41661BFD9E69F4E247 /* Pods-RafaiOSTaskUITests.debug.xcconfig */ = {isa = PBXFileReference; includeInIndex = 1; lastKnownFileType = text.xcconfig; name = "Pods-RafaiOSTaskUITests.debug.xcconfig"; path = "Pods/Target Support Files/Pods-RafaiOSTaskUITests/Pods-RafaiOSTaskUITests.debug.xcconfig"; sourceTree = "<group>"; };
/* End PBXFileReference section */

/* Begin PBXFrameworksBuildPhase section */
		89E422101C6EB56B00F88650 /* Frameworks */ = {
			isa = PBXFrameworksBuildPhase;
			buildActionMask = 2147483647;
			files = (
				89E4225C1C6EB65000F88650 /* Alamofire.framework in Frameworks */,
				284D4CE9DE67393A19C6097A /* Pods_RafaiOSTask.framework in Frameworks */,
			);
			runOnlyForDeploymentPostprocessing = 0;
		};
		89E422241C6EB56B00F88650 /* Frameworks */ = {
			isa = PBXFrameworksBuildPhase;
			buildActionMask = 2147483647;
			files = (
				EBBE4D2C919F5F8B441AAB52 /* Pods_RafaiOSTaskTests.framework in Frameworks */,
			);
			runOnlyForDeploymentPostprocessing = 0;
		};
		89E4222F1C6EB56B00F88650 /* Frameworks */ = {
			isa = PBXFrameworksBuildPhase;
			buildActionMask = 2147483647;
			files = (
				E7425D8A3A0EC8E99296482F /* Pods_RafaiOSTaskUITests.framework in Frameworks */,
			);
			runOnlyForDeploymentPostprocessing = 0;
		};
/* End PBXFrameworksBuildPhase section */

/* Begin PBXGroup section */
		2C0D76305B6F8C6FF8561115 /* Pods */ = {
			isa = PBXGroup;
			children = (
				BC5A0E9974A2CAEF30FB7598 /* Pods-RafaiOSTask.debug.xcconfig */,
				A2FEE76FDCEAB51A7F2AC385 /* Pods-RafaiOSTask.release.xcconfig */,
				41B3578CD0001CDBBDD3B3AC /* Pods-RafaiOSTaskTests.debug.xcconfig */,
				3AF9BB854A1DE145866B7D2E /* Pods-RafaiOSTaskTests.release.xcconfig */,
				C1FACA41661BFD9E69F4E247 /* Pods-RafaiOSTaskUITests.debug.xcconfig */,
				A468C0CE433C0ECD7EA20E0B /* Pods-RafaiOSTaskUITests.release.xcconfig */,
			);
			name = Pods;
			sourceTree = "<group>";
		};
		4729F84B1FA6CB5166CE25D3 /* Frameworks */ = {
			isa = PBXGroup;
			children = (
				3B8209BF77DF9A5959BF2B2C /* Pods_RafaiOSTask.framework */,
				9A2BA8AB03D31CC390AB4A7B /* Pods_RafaiOSTaskTests.framework */,
				216C7727172CB98878F5A05D /* Pods_RafaiOSTaskUITests.framework */,
			);
			name = Frameworks;
			sourceTree = "<group>";
		};
		89E4220A1C6EB56B00F88650 = {
			isa = PBXGroup;
			children = (
				89E422441C6EB5AC00F88650 /* Alamofire.xcodeproj */,
				89E422151C6EB56B00F88650 /* RafaiOSTask */,
				89E4222A1C6EB56B00F88650 /* RafaiOSTaskTests */,
				89E422351C6EB56B00F88650 /* RafaiOSTaskUITests */,
				89E422141C6EB56B00F88650 /* Products */,
				2C0D76305B6F8C6FF8561115 /* Pods */,
				4729F84B1FA6CB5166CE25D3 /* Frameworks */,
			);
			sourceTree = "<group>";
		};
		89E422141C6EB56B00F88650 /* Products */ = {
			isa = PBXGroup;
			children = (
				89E422131C6EB56B00F88650 /* RafaiOSTask.app */,
				89E422271C6EB56B00F88650 /* RafaiOSTaskTests.xctest */,
				89E422321C6EB56B00F88650 /* RafaiOSTaskUITests.xctest */,
			);
			name = Products;
			sourceTree = "<group>";
		};
		89E422151C6EB56B00F88650 /* RafaiOSTask */ = {
			isa = PBXGroup;
			children = (
				89E422641C6ED2C300F88650 /* Protocols */,
				89E422611C6EC94900F88650 /* Utils */,
				89E422161C6EB56B00F88650 /* AppDelegate.swift */,
				89E4226B1C6EEE8F00F88650 /* ImageCollectionViewCell.swift */,
				89F1D7ED1C6F69D500ECC3D6 /* ShowImageController.swift */,
				89E422181C6EB56B00F88650 /* ViewController.swift */,
				89E4221A1C6EB56B00F88650 /* Main.storyboard */,
				89E4221D1C6EB56B00F88650 /* Assets.xcassets */,
				89E4221F1C6EB56B00F88650 /* LaunchScreen.storyboard */,
				89E422221C6EB56B00F88650 /* Info.plist */,
			);
			path = RafaiOSTask;
			sourceTree = "<group>";
		};
		89E4222A1C6EB56B00F88650 /* RafaiOSTaskTests */ = {
			isa = PBXGroup;
			children = (
				89E4222B1C6EB56B00F88650 /* RafaiOSTaskTests.swift */,
				89E4222D1C6EB56B00F88650 /* Info.plist */,
			);
			path = RafaiOSTaskTests;
			sourceTree = "<group>";
		};
		89E422351C6EB56B00F88650 /* RafaiOSTaskUITests */ = {
			isa = PBXGroup;
			children = (
				89E422361C6EB56B00F88650 /* RafaiOSTaskUITests.swift */,
				89E422381C6EB56B00F88650 /* Info.plist */,
			);
			path = RafaiOSTaskUITests;
			sourceTree = "<group>";
		};
		89E422451C6EB5AC00F88650 /* Products */ = {
			isa = PBXGroup;
			children = (
				89E4224F1C6EB5AC00F88650 /* Alamofire.framework */,
				89E422511C6EB5AC00F88650 /* Alamofire iOS Tests.xctest */,
				89E422531C6EB5AC00F88650 /* Alamofire.framework */,
				89E422551C6EB5AC00F88650 /* Alamofire OSX Tests.xctest */,
				89E422571C6EB5AC00F88650 /* Alamofire.framework */,
				89E422591C6EB5AC00F88650 /* Alamofire tvOS Tests.xctest */,
				89E4225B1C6EB5AC00F88650 /* Alamofire.framework */,
			);
			name = Products;
			sourceTree = "<group>";
		};
		89E422611C6EC94900F88650 /* Utils */ = {
			isa = PBXGroup;
			children = (
				89E422621C6EC96200F88650 /* RequestHelper.swift */,
				89E422671C6EE09600F88650 /* JSONHandler.swift */,
				89E422691C6EE77200F88650 /* DataParser.swift */,
			);
			name = Utils;
			sourceTree = "<group>";
		};
		89E422641C6ED2C300F88650 /* Protocols */ = {
			isa = PBXGroup;
			children = (
				89E422651C6ED2CF00F88650 /* ResponseProtocol.swift */,
			);
			name = Protocols;
			sourceTree = "<group>";
		};
/* End PBXGroup section */

/* Begin PBXNativeTarget section */
		89E422121C6EB56B00F88650 /* RafaiOSTask */ = {
			isa = PBXNativeTarget;
			buildConfigurationList = 89E4223B1C6EB56B00F88650 /* Build configuration list for PBXNativeTarget "RafaiOSTask" */;
			buildPhases = (
				C93F99D8D70FF93827750A43 /* Check Pods Manifest.lock */,
				89E4220F1C6EB56B00F88650 /* Sources */,
				89E422101C6EB56B00F88650 /* Frameworks */,
				89E422111C6EB56B00F88650 /* Resources */,
				89E422601C6EB65000F88650 /* Embed Frameworks */,
				39EC28C53EFC5EE00241E562 /* Embed Pods Frameworks */,
				0AE68D8CE63C989F310A000A /* Copy Pods Resources */,
			);
			buildRules = (
			);
			dependencies = (
				89E4225F1C6EB65000F88650 /* PBXTargetDependency */,
			);
			name = RafaiOSTask;
			productName = RafaiOSTask;
			productReference = 89E422131C6EB56B00F88650 /* RafaiOSTask.app */;
			productType = "com.apple.product-type.application";
		};
		89E422261C6EB56B00F88650 /* RafaiOSTaskTests */ = {
			isa = PBXNativeTarget;
			buildConfigurationList = 89E4223E1C6EB56B00F88650 /* Build configuration list for PBXNativeTarget "RafaiOSTaskTests" */;
			buildPhases = (
				7D462482BD4510727884CD93 /* Check Pods Manifest.lock */,
				89E422231C6EB56B00F88650 /* Sources */,
				89E422241C6EB56B00F88650 /* Frameworks */,
				89E422251C6EB56B00F88650 /* Resources */,
				72E24149E214C1FCFDCCA045 /* Embed Pods Frameworks */,
				E8E18478A528933C874D15AB /* Copy Pods Resources */,
			);
			buildRules = (
			);
			dependencies = (
				89E422291C6EB56B00F88650 /* PBXTargetDependency */,
			);
			name = RafaiOSTaskTests;
			productName = RafaiOSTaskTests;
			productReference = 89E422271C6EB56B00F88650 /* RafaiOSTaskTests.xctest */;
			productType = "com.apple.product-type.bundle.unit-test";
		};
		89E422311C6EB56B00F88650 /* RafaiOSTaskUITests */ = {
			isa = PBXNativeTarget;
			buildConfigurationList = 89E422411C6EB56B00F88650 /* Build configuration list for PBXNativeTarget "RafaiOSTaskUITests" */;
			buildPhases = (
				D06360A53B962BA31A22A47B /* Check Pods Manifest.lock */,
				89E4222E1C6EB56B00F88650 /* Sources */,
				89E4222F1C6EB56B00F88650 /* Frameworks */,
				89E422301C6EB56B00F88650 /* Resources */,
				56396D9FB53DC12115F4E877 /* Copy Pods Resources */,
			);
			buildRules = (
			);
			dependencies = (
				89E422341C6EB56B00F88650 /* PBXTargetDependency */,
			);
			name = RafaiOSTaskUITests;
			productName = RafaiOSTaskUITests;
			productReference = 89E422321C6EB56B00F88650 /* RafaiOSTaskUITests.xctest */;
			productType = "com.apple.product-type.bundle.ui-testing";
		};
/* End PBXNativeTarget section */

/* Begin PBXProject section */
		89E4220B1C6EB56B00F88650 /* Project object */ = {
			isa = PBXProject;
			attributes = {
				LastSwiftUpdateCheck = 0720;
				LastUpgradeCheck = 0720;
				ORGANIZATIONNAME = rafa;
				TargetAttributes = {
					89E422121C6EB56B00F88650 = {
						CreatedOnToolsVersion = 7.2;
						DevelopmentTeam = 77MDLJ7R2N;
					};
					89E422261C6EB56B00F88650 = {
						CreatedOnToolsVersion = 7.2;
						DevelopmentTeam = 77MDLJ7R2N;
						TestTargetID = 89E422121C6EB56B00F88650;
					};
					89E422311C6EB56B00F88650 = {
						CreatedOnToolsVersion = 7.2;
						DevelopmentTeam = 77MDLJ7R2N;
						TestTargetID = 89E422121C6EB56B00F88650;
					};
				};
			};
			buildConfigurationList = 89E4220E1C6EB56B00F88650 /* Build configuration list for PBXProject "RafaiOSTask" */;
			compatibilityVersion = "Xcode 3.2";
			developmentRegion = English;
			hasScannedForEncodings = 0;
			knownRegions = (
				en,
				Base,
			);
			mainGroup = 89E4220A1C6EB56B00F88650;
			productRefGroup = 89E422141C6EB56B00F88650 /* Products */;
			projectDirPath = "";
			projectReferences = (
				{
					ProductGroup = 89E422451C6EB5AC00F88650 /* Products */;
					ProjectRef = 89E422441C6EB5AC00F88650 /* Alamofire.xcodeproj */;
				},
			);
			projectRoot = "";
			targets = (
				89E422121C6EB56B00F88650 /* RafaiOSTask */,
				89E422261C6EB56B00F88650 /* RafaiOSTaskTests */,
				89E422311C6EB56B00F88650 /* RafaiOSTaskUITests */,
			);
		};
/* End PBXProject section */

/* Begin PBXReferenceProxy section */
		89E4224F1C6EB5AC00F88650 /* Alamofire.framework */ = {
			isa = PBXReferenceProxy;
			fileType = wrapper.framework;
			path = Alamofire.framework;
			remoteRef = 89E4224E1C6EB5AC00F88650 /* PBXContainerItemProxy */;
			sourceTree = BUILT_PRODUCTS_DIR;
		};
		89E422511C6EB5AC00F88650 /* Alamofire iOS Tests.xctest */ = {
			isa = PBXReferenceProxy;
			fileType = wrapper.cfbundle;
			path = "Alamofire iOS Tests.xctest";
			remoteRef = 89E422501C6EB5AC00F88650 /* PBXContainerItemProxy */;
			sourceTree = BUILT_PRODUCTS_DIR;
		};
		89E422531C6EB5AC00F88650 /* Alamofire.framework */ = {
			isa = PBXReferenceProxy;
			fileType = wrapper.framework;
			path = Alamofire.framework;
			remoteRef = 89E422521C6EB5AC00F88650 /* PBXContainerItemProxy */;
			sourceTree = BUILT_PRODUCTS_DIR;
		};
		89E422551C6EB5AC00F88650 /* Alamofire OSX Tests.xctest */ = {
			isa = PBXReferenceProxy;
			fileType = wrapper.cfbundle;
			path = "Alamofire OSX Tests.xctest";
			remoteRef = 89E422541C6EB5AC00F88650 /* PBXContainerItemProxy */;
			sourceTree = BUILT_PRODUCTS_DIR;
		};
		89E422571C6EB5AC00F88650 /* Alamofire.framework */ = {
			isa = PBXReferenceProxy;
			fileType = wrapper.framework;
			path = Alamofire.framework;
			remoteRef = 89E422561C6EB5AC00F88650 /* PBXContainerItemProxy */;
			sourceTree = BUILT_PRODUCTS_DIR;
		};
		89E422591C6EB5AC00F88650 /* Alamofire tvOS Tests.xctest */ = {
			isa = PBXReferenceProxy;
			fileType = wrapper.cfbundle;
			path = "Alamofire tvOS Tests.xctest";
			remoteRef = 89E422581C6EB5AC00F88650 /* PBXContainerItemProxy */;
			sourceTree = BUILT_PRODUCTS_DIR;
		};
		89E4225B1C6EB5AC00F88650 /* Alamofire.framework */ = {
			isa = PBXReferenceProxy;
			fileType = wrapper.framework;
			path = Alamofire.framework;
			remoteRef = 89E4225A1C6EB5AC00F88650 /* PBXContainerItemProxy */;
			sourceTree = BUILT_PRODUCTS_DIR;
		};
/* End PBXReferenceProxy section */

/* Begin PBXResourcesBuildPhase section */
		89E422111C6EB56B00F88650 /* Resources */ = {
			isa = PBXResourcesBuildPhase;
			buildActionMask = 2147483647;
			files = (
				89E422211C6EB56B00F88650 /* LaunchScreen.storyboard in Resources */,
				89E4221E1C6EB56B00F88650 /* Assets.xcassets in Resources */,
				89E4221C1C6EB56B00F88650 /* Main.storyboard in Resources */,
			);
			runOnlyForDeploymentPostprocessing = 0;
		};
		89E422251C6EB56B00F88650 /* Resources */ = {
			isa = PBXResourcesBuildPhase;
			buildActionMask = 2147483647;
			files = (
			);
			runOnlyForDeploymentPostprocessing = 0;
		};
		89E422301C6EB56B00F88650 /* Resources */ = {
			isa = PBXResourcesBuildPhase;
			buildActionMask = 2147483647;
			files = (
			);
			runOnlyForDeploymentPostprocessing = 0;
		};
/* End PBXResourcesBuildPhase section */

/* Begin PBXShellScriptBuildPhase section */
		0AE68D8CE63C989F310A000A /* Copy Pods Resources */ = {
			isa = PBXShellScriptBuildPhase;
			buildActionMask = 2147483647;
			files = (
			);
			inputPaths = (
			);
			name = "Copy Pods Resources";
			outputPaths = (
			);
			runOnlyForDeploymentPostprocessing = 0;
			shellPath = /bin/sh;
			shellScript = "\"${SRCROOT}/Pods/Target Support Files/Pods-RafaiOSTask/Pods-RafaiOSTask-resources.sh\"\n";
			showEnvVarsInLog = 0;
		};
		39EC28C53EFC5EE00241E562 /* Embed Pods Frameworks */ = {
			isa = PBXShellScriptBuildPhase;
			buildActionMask = 2147483647;
			files = (
			);
			inputPaths = (
			);
			name = "Embed Pods Frameworks";
			outputPaths = (
			);
			runOnlyForDeploymentPostprocessing = 0;
			shellPath = /bin/sh;
			shellScript = "\"${SRCROOT}/Pods/Target Support Files/Pods-RafaiOSTask/Pods-RafaiOSTask-frameworks.sh\"\n";
			showEnvVarsInLog = 0;
		};
		56396D9FB53DC12115F4E877 /* Copy Pods Resources */ = {
			isa = PBXShellScriptBuildPhase;
			buildActionMask = 2147483647;
			files = (
			);
			inputPaths = (
			);
			name = "Copy Pods Resources";
			outputPaths = (
			);
			runOnlyForDeploymentPostprocessing = 0;
			shellPath = /bin/sh;
			shellScript = "\"${SRCROOT}/Pods/Target Support Files/Pods-RafaiOSTaskUITests/Pods-RafaiOSTaskUITests-resources.sh\"\n";
			showEnvVarsInLog = 0;
		};
		72E24149E214C1FCFDCCA045 /* Embed Pods Frameworks */ = {
			isa = PBXShellScriptBuildPhase;
			buildActionMask = 2147483647;
			files = (
			);
			inputPaths = (
			);
			name = "Embed Pods Frameworks";
			outputPaths = (
			);
			runOnlyForDeploymentPostprocessing = 0;
			shellPath = /bin/sh;
			shellScript = "\"${SRCROOT}/Pods/Target Support Files/Pods-RafaiOSTaskTests/Pods-RafaiOSTaskTests-frameworks.sh\"\n";
			showEnvVarsInLog = 0;
		};
		7D462482BD4510727884CD93 /* Check Pods Manifest.lock */ = {
			isa = PBXShellScriptBuildPhase;
			buildActionMask = 2147483647;
			files = (
			);
			inputPaths = (
			);
			name = "Check Pods Manifest.lock";
			outputPaths = (
			);
			runOnlyForDeploymentPostprocessing = 0;
			shellPath = /bin/sh;
			shellScript = "diff \"${PODS_ROOT}/../Podfile.lock\" \"${PODS_ROOT}/Manifest.lock\" > /dev/null\nif [[ $? != 0 ]] ; then\n    cat << EOM\nerror: The sandbox is not in sync with the Podfile.lock. Run 'pod install' or update your CocoaPods installation.\nEOM\n    exit 1\nfi\n";
			showEnvVarsInLog = 0;
		};
		C93F99D8D70FF93827750A43 /* Check Pods Manifest.lock */ = {
			isa = PBXShellScriptBuildPhase;
			buildActionMask = 2147483647;
			files = (
			);
			inputPaths = (
			);
			name = "Check Pods Manifest.lock";
			outputPaths = (
			);
			runOnlyForDeploymentPostprocessing = 0;
			shellPath = /bin/sh;
			shellScript = "diff \"${PODS_ROOT}/../Podfile.lock\" \"${PODS_ROOT}/Manifest.lock\" > /dev/null\nif [[ $? != 0 ]] ; then\n    cat << EOM\nerror: The sandbox is not in sync with the Podfile.lock. Run 'pod install' or update your CocoaPods installation.\nEOM\n    exit 1\nfi\n";
			showEnvVarsInLog = 0;
		};
		D06360A53B962BA31A22A47B /* Check Pods Manifest.lock */ = {
			isa = PBXShellScriptBuildPhase;
			buildActionMask = 2147483647;
			files = (
			);
			inputPaths = (
			);
			name = "Check Pods Manifest.lock";
			outputPaths = (
			);
			runOnlyForDeploymentPostprocessing = 0;
			shellPath = /bin/sh;
			shellScript = "diff \"${PODS_ROOT}/../Podfile.lock\" \"${PODS_ROOT}/Manifest.lock\" > /dev/null\nif [[ $? != 0 ]] ; then\n    cat << EOM\nerror: The sandbox is not in sync with the Podfile.lock. Run 'pod install' or update your CocoaPods installation.\nEOM\n    exit 1\nfi\n";
			showEnvVarsInLog = 0;
		};
		E8E18478A528933C874D15AB /* Copy Pods Resources */ = {
			isa = PBXShellScriptBuildPhase;
			buildActionMask = 2147483647;
			files = (
			);
			inputPaths = (
			);
			name = "Copy Pods Resources";
			outputPaths = (
			);
			runOnlyForDeploymentPostprocessing = 0;
			shellPath = /bin/sh;
			shellScript = "\"${SRCROOT}/Pods/Target Support Files/Pods-RafaiOSTaskTests/Pods-RafaiOSTaskTests-resources.sh\"\n";
			showEnvVarsInLog = 0;
		};
/* End PBXShellScriptBuildPhase section */

/* Begin PBXSourcesBuildPhase section */
		89E4220F1C6EB56B00F88650 /* Sources */ = {
			isa = PBXSourcesBuildPhase;
			buildActionMask = 2147483647;
			files = (
				89E422631C6EC96200F88650 /* RequestHelper.swift in Sources */,
				89E422681C6EE09600F88650 /* JSONHandler.swift in Sources */,
				89E4226A1C6EE77200F88650 /* DataParser.swift in Sources */,
				89E4226C1C6EEE8F00F88650 /* ImageCollectionViewCell.swift in Sources */,
				89F1D7EE1C6F69D500ECC3D6 /* ShowImageController.swift in Sources */,
				89E422191C6EB56B00F88650 /* ViewController.swift in Sources */,
				89E422661C6ED2CF00F88650 /* ResponseProtocol.swift in Sources */,
				89E422171C6EB56B00F88650 /* AppDelegate.swift in Sources */,
			);
			runOnlyForDeploymentPostprocessing = 0;
		};
		89E422231C6EB56B00F88650 /* Sources */ = {
			isa = PBXSourcesBuildPhase;
			buildActionMask = 2147483647;
			files = (
				89E4222C1C6EB56B00F88650 /* RafaiOSTaskTests.swift in Sources */,
			);
			runOnlyForDeploymentPostprocessing = 0;
		};
		89E4222E1C6EB56B00F88650 /* Sources */ = {
			isa = PBXSourcesBuildPhase;
			buildActionMask = 2147483647;
			files = (
				89E422371C6EB56B00F88650 /* RafaiOSTaskUITests.swift in Sources */,
			);
			runOnlyForDeploymentPostprocessing = 0;
		};
/* End PBXSourcesBuildPhase section */

/* Begin PBXTargetDependency section */
		89E422291C6EB56B00F88650 /* PBXTargetDependency */ = {
			isa = PBXTargetDependency;
			target = 89E422121C6EB56B00F88650 /* RafaiOSTask */;
			targetProxy = 89E422281C6EB56B00F88650 /* PBXContainerItemProxy */;
		};
		89E422341C6EB56B00F88650 /* PBXTargetDependency */ = {
			isa = PBXTargetDependency;
			target = 89E422121C6EB56B00F88650 /* RafaiOSTask */;
			targetProxy = 89E422331C6EB56B00F88650 /* PBXContainerItemProxy */;
		};
		89E4225F1C6EB65000F88650 /* PBXTargetDependency */ = {
			isa = PBXTargetDependency;
			name = "Alamofire iOS";
			targetProxy = 89E4225E1C6EB65000F88650 /* PBXContainerItemProxy */;
		};
/* End PBXTargetDependency section */

/* Begin PBXVariantGroup section */
		89E4221A1C6EB56B00F88650 /* Main.storyboard */ = {
			isa = PBXVariantGroup;
			children = (
				89E4221B1C6EB56B00F88650 /* Base */,
			);
			name = Main.storyboard;
			sourceTree = "<group>";
		};
		89E4221F1C6EB56B00F88650 /* LaunchScreen.storyboard */ = {
			isa = PBXVariantGroup;
			children = (
				89E422201C6EB56B00F88650 /* Base */,
			);
			name = LaunchScreen.storyboard;
			sourceTree = "<group>";
		};
/* End PBXVariantGroup section */

/* Begin XCBuildConfiguration section */
		89E422391C6EB56B00F88650 /* Debug */ = {
			isa = XCBuildConfiguration;
			buildSettings = {
				ALWAYS_SEARCH_USER_PATHS = NO;
				CLANG_CXX_LANGUAGE_STANDARD = "gnu++0x";
				CLANG_CXX_LIBRARY = "libc++";
				CLANG_ENABLE_MODULES = YES;
				CLANG_ENABLE_OBJC_ARC = YES;
				CLANG_WARN_BOOL_CONVERSION = YES;
				CLANG_WARN_CONSTANT_CONVERSION = YES;
				CLANG_WARN_DIRECT_OBJC_ISA_USAGE = YES_ERROR;
				CLANG_WARN_EMPTY_BODY = YES;
				CLANG_WARN_ENUM_CONVERSION = YES;
				CLANG_WARN_INT_CONVERSION = YES;
				CLANG_WARN_OBJC_ROOT_CLASS = YES_ERROR;
				CLANG_WARN_UNREACHABLE_CODE = YES;
				CLANG_WARN__DUPLICATE_METHOD_MATCH = YES;
				"CODE_SIGN_IDENTITY[sdk=iphoneos*]" = "iPhone Developer";
				COPY_PHASE_STRIP = NO;
				DEBUG_INFORMATION_FORMAT = dwarf;
				ENABLE_STRICT_OBJC_MSGSEND = YES;
				ENABLE_TESTABILITY = YES;
				GCC_C_LANGUAGE_STANDARD = gnu99;
				GCC_DYNAMIC_NO_PIC = NO;
				GCC_NO_COMMON_BLOCKS = YES;
				GCC_OPTIMIZATION_LEVEL = 0;
				GCC_PREPROCESSOR_DEFINITIONS = (
					"DEBUG=1",
					"$(inherited)",
				);
				GCC_WARN_64_TO_32_BIT_CONVERSION = YES;
				GCC_WARN_ABOUT_RETURN_TYPE = YES_ERROR;
				GCC_WARN_UNDECLARED_SELECTOR = YES;
				GCC_WARN_UNINITIALIZED_AUTOS = YES_AGGRESSIVE;
				GCC_WARN_UNUSED_FUNCTION = YES;
				GCC_WARN_UNUSED_VARIABLE = YES;
				IPHONEOS_DEPLOYMENT_TARGET = 9.2;
				MTL_ENABLE_DEBUG_INFO = YES;
				ONLY_ACTIVE_ARCH = YES;
				SDKROOT = iphoneos;
				SWIFT_OBJC_BRIDGING_HEADER = "";
				SWIFT_OPTIMIZATION_LEVEL = "-Onone";
				TARGETED_DEVICE_FAMILY = "1,2";
			};
			name = Debug;
		};
		89E4223A1C6EB56B00F88650 /* Release */ = {
			isa = XCBuildConfiguration;
			buildSettings = {
				ALWAYS_SEARCH_USER_PATHS = NO;
				CLANG_CXX_LANGUAGE_STANDARD = "gnu++0x";
				CLANG_CXX_LIBRARY = "libc++";
				CLANG_ENABLE_MODULES = YES;
				CLANG_ENABLE_OBJC_ARC = YES;
				CLANG_WARN_BOOL_CONVERSION = YES;
				CLANG_WARN_CONSTANT_CONVERSION = YES;
				CLANG_WARN_DIRECT_OBJC_ISA_USAGE = YES_ERROR;
				CLANG_WARN_EMPTY_BODY = YES;
				CLANG_WARN_ENUM_CONVERSION = YES;
				CLANG_WARN_INT_CONVERSION = YES;
				CLANG_WARN_OBJC_ROOT_CLASS = YES_ERROR;
				CLANG_WARN_UNREACHABLE_CODE = YES;
				CLANG_WARN__DUPLICATE_METHOD_MATCH = YES;
				"CODE_SIGN_IDENTITY[sdk=iphoneos*]" = "iPhone Developer";
				COPY_PHASE_STRIP = NO;
				DEBUG_INFORMATION_FORMAT = "dwarf-with-dsym";
				ENABLE_NS_ASSERTIONS = NO;
				ENABLE_STRICT_OBJC_MSGSEND = YES;
				GCC_C_LANGUAGE_STANDARD = gnu99;
				GCC_NO_COMMON_BLOCKS = YES;
				GCC_WARN_64_TO_32_BIT_CONVERSION = YES;
				GCC_WARN_ABOUT_RETURN_TYPE = YES_ERROR;
				GCC_WARN_UNDECLARED_SELECTOR = YES;
				GCC_WARN_UNINITIALIZED_AUTOS = YES_AGGRESSIVE;
				GCC_WARN_UNUSED_FUNCTION = YES;
				GCC_WARN_UNUSED_VARIABLE = YES;
				IPHONEOS_DEPLOYMENT_TARGET = 9.2;
				MTL_ENABLE_DEBUG_INFO = NO;
				SDKROOT = iphoneos;
				SWIFT_OBJC_BRIDGING_HEADER = "";
				TARGETED_DEVICE_FAMILY = "1,2";
				VALIDATE_PRODUCT = YES;
			};
			name = Release;
		};
		89E4223C1C6EB56B00F88650 /* Debug */ = {
			isa = XCBuildConfiguration;
			baseConfigurationReference = BC5A0E9974A2CAEF30FB7598 /* Pods-RafaiOSTask.debug.xcconfig */;
			buildSettings = {
				ASSETCATALOG_COMPILER_APPICON_NAME = AppIcon;
				EMBEDDED_CONTENT_CONTAINS_SWIFT = YES;
				INFOPLIST_FILE = RafaiOSTask/Info.plist;
				LD_RUNPATH_SEARCH_PATHS = "$(inherited) @executable_path/Frameworks";
				PRODUCT_BUNDLE_IDENTIFIER = com.rafa.RafaiOSTask;
				PRODUCT_NAME = "$(TARGET_NAME)";
			};
			name = Debug;
		};
		89E4223D1C6EB56B00F88650 /* Release */ = {
			isa = XCBuildConfiguration;
			baseConfigurationReference = A2FEE76FDCEAB51A7F2AC385 /* Pods-RafaiOSTask.release.xcconfig */;
			buildSettings = {
				ASSETCATALOG_COMPILER_APPICON_NAME = AppIcon;
				EMBEDDED_CONTENT_CONTAINS_SWIFT = YES;
				INFOPLIST_FILE = RafaiOSTask/Info.plist;
				LD_RUNPATH_SEARCH_PATHS = "$(inherited) @executable_path/Frameworks";
				PRODUCT_BUNDLE_IDENTIFIER = com.rafa.RafaiOSTask;
				PRODUCT_NAME = "$(TARGET_NAME)";
			};
			name = Release;
		};
		89E4223F1C6EB56B00F88650 /* Debug */ = {
			isa = XCBuildConfiguration;
			baseConfigurationReference = 41B3578CD0001CDBBDD3B3AC /* Pods-RafaiOSTaskTests.debug.xcconfig */;
			buildSettings = {
				BUNDLE_LOADER = "$(TEST_HOST)";
				INFOPLIST_FILE = RafaiOSTaskTests/Info.plist;
				LD_RUNPATH_SEARCH_PATHS = "$(inherited) @executable_path/Frameworks @loader_path/Frameworks";
				PRODUCT_BUNDLE_IDENTIFIER = com.rafa.RafaiOSTaskTests;
				PRODUCT_NAME = "$(TARGET_NAME)";
				TEST_HOST = "$(BUILT_PRODUCTS_DIR)/RafaiOSTask.app/RafaiOSTask";
			};
			name = Debug;
		};
		89E422401C6EB56B00F88650 /* Release */ = {
			isa = XCBuildConfiguration;
			baseConfigurationReference = 3AF9BB854A1DE145866B7D2E /* Pods-RafaiOSTaskTests.release.xcconfig */;
			buildSettings = {
				BUNDLE_LOADER = "$(TEST_HOST)";
				INFOPLIST_FILE = RafaiOSTaskTests/Info.plist;
				LD_RUNPATH_SEARCH_PATHS = "$(inherited) @executable_path/Frameworks @loader_path/Frameworks";
				PRODUCT_BUNDLE_IDENTIFIER = com.rafa.RafaiOSTaskTests;
				PRODUCT_NAME = "$(TARGET_NAME)";
				TEST_HOST = "$(BUILT_PRODUCTS_DIR)/RafaiOSTask.app/RafaiOSTask";
			};
			name = Release;
		};
		89E422421C6EB56B00F88650 /* Debug */ = {
			isa = XCBuildConfiguration;
			baseConfigurationReference = C1FACA41661BFD9E69F4E247 /* Pods-RafaiOSTaskUITests.debug.xcconfig */;
			buildSettings = {
				INFOPLIST_FILE = RafaiOSTaskUITests/Info.plist;
				LD_RUNPATH_SEARCH_PATHS = "$(inherited) @executable_path/Frameworks @loader_path/Frameworks";
				PRODUCT_BUNDLE_IDENTIFIER = com.rafa.RafaiOSTaskUITests;
				PRODUCT_NAME = "$(TARGET_NAME)";
				TEST_TARGET_NAME = RafaiOSTask;
				USES_XCTRUNNER = YES;
			};
			name = Debug;
		};
		89E422431C6EB56B00F88650 /* Release */ = {
			isa = XCBuildConfiguration;
			baseConfigurationReference = A468C0CE433C0ECD7EA20E0B /* Pods-RafaiOSTaskUITests.release.xcconfig */;
			buildSettings = {
				INFOPLIST_FILE = RafaiOSTaskUITests/Info.plist;
				LD_RUNPATH_SEARCH_PATHS = "$(inherited) @executable_path/Frameworks @loader_path/Frameworks";
				PRODUCT_BUNDLE_IDENTIFIER = com.rafa.RafaiOSTaskUITests;
				PRODUCT_NAME = "$(TARGET_NAME)";
				TEST_TARGET_NAME = RafaiOSTask;
				USES_XCTRUNNER = YES;
			};
			name = Release;
		};
/* End XCBuildConfiguration section */

/* Begin XCConfigurationList section */
		89E4220E1C6EB56B00F88650 /* Build configuration list for PBXProject "RafaiOSTask" */ = {
			isa = XCConfigurationList;
			buildConfigurations = (
				89E422391C6EB56B00F88650 /* Debug */,
				89E4223A1C6EB56B00F88650 /* Release */,
			);
			defaultConfigurationIsVisible = 0;
			defaultConfigurationName = Release;
		};
		89E4223B1C6EB56B00F88650 /* Build configuration list for PBXNativeTarget "RafaiOSTask" */ = {
			isa = XCConfigurationList;
			buildConfigurations = (
				89E4223C1C6EB56B00F88650 /* Debug */,
				89E4223D1C6EB56B00F88650 /* Release */,
			);
			defaultConfigurationIsVisible = 0;
			defaultConfigurationName = Release;
		};
		89E4223E1C6EB56B00F88650 /* Build configuration list for PBXNativeTarget "RafaiOSTaskTests" */ = {
			isa = XCConfigurationList;
			buildConfigurations = (
				89E4223F1C6EB56B00F88650 /* Debug */,
				89E422401C6EB56B00F88650 /* Release */,
			);
			defaultConfigurationIsVisible = 0;
			defaultConfigurationName = Release;
		};
		89E422411C6EB56B00F88650 /* Build configuration list for PBXNativeTarget "RafaiOSTaskUITests" */ = {
			isa = XCConfigurationList;
			buildConfigurations = (
				89E422421C6EB56B00F88650 /* Debug */,
				89E422431C6EB56B00F88650 /* Release */,
			);
			defaultConfigurationIsVisible = 0;
			defaultConfigurationName = Release;
		};
/* End XCConfigurationList section */
	};
	rootObject = 89E4220B1C6EB56B00F88650 /* Project object */;
}
